
Microsoft Visual Studio Solution File, Format Version 12.00
# Visual Studio Version 16
VisualStudioVersion = 16.0.28803.202
MinimumVisualStudioVersion = 10.0.40219.1
Project("{FAE04EC0-301F-11D3-BF4B-00C04F79EFBC}") = "Register", "Register\Register.csproj", "{83462A62-33D3-4C34-B722-95A6E07A3BFD}"
EndProject
Project("{FAE04EC0-301F-11D3-BF4B-00C04F79EFBC}") = "Login", "Login\Login.csproj", "{7F29FC08-C164-4D6A-BBE8-7076423CA3CF}"
EndProject
Project("{FAE04EC0-301F-11D3-BF4B-00C04F79EFBC}") = "Product", "Product\Product.csproj", "{8F393466-118D-465F-8B85-FB77CA39D25C}"
EndProject
Global
	GlobalSection(SolutionConfigurationPlatforms) = preSolution
		Debug|Any CPU = Debug|Any CPU
		Release|Any CPU = Release|Any CPU
	EndGlobalSection
	GlobalSection(ProjectConfigurationPlatforms) = postSolution
		{83462A62-33D3-4C34-B722-95A6E07A3BFD}.Debug|Any CPU.ActiveCfg = Debug|Any CPU
		{83462A62-33D3-4C34-B722-95A6E07A3BFD}.Debug|Any CPU.Build.0 = Debug|Any CPU
		{83462A62-33D3-4C34-B722-95A6E07A3BFD}.Release|Any CPU.ActiveCfg = Release|Any CPU
		{83462A62-33D3-4C34-B722-95A6E07A3BFD}.Release|Any CPU.Build.0 = Release|Any CPU
		{7F29FC08-C164-4D6A-BBE8-7076423CA3CF}.Debug|Any CPU.ActiveCfg = Debug|Any CPU
		{7F29FC08-C164-4D6A-BBE8-7076423CA3CF}.Debug|Any CPU.Build.0 = Debug|Any CPU
		{7F29FC08-C164-4D6A-BBE8-7076423CA3CF}.Release|Any CPU.ActiveCfg = Release|Any CPU
		{7F29FC08-C164-4D6A-BBE8-7076423CA3CF}.Release|Any CPU.Build.0 = Release|Any CPU
		{8F393466-118D-465F-8B85-FB77CA39D25C}.Debug|Any CPU.ActiveCfg = Debug|Any CPU
		{8F393466-118D-465F-8B85-FB77CA39D25C}.Debug|Any CPU.Build.0 = Debug|Any CPU
		{8F393466-118D-465F-8B85-FB77CA39D25C}.Release|Any CPU.ActiveCfg = Release|Any CPU
		{8F393466-118D-465F-8B85-FB77CA39D25C}.Release|Any CPU.Build.0 = Release|Any CPU
	EndGlobalSection
	GlobalSection(SolutionProperties) = preSolution
		HideSolutionNode = FALSE
	EndGlobalSection
	GlobalSection(ExtensibilityGlobals) = postSolution
		SolutionGuid = {565B36F6-FA85-4408-BDCF-578714DAF174}
	EndGlobalSection
EndGlobal
